
Microsoft Visual Studio Solution File, Format Version 12.00
# Visual Studio Version 17
VisualStudioVersion = 17.10.35027.167
MinimumVisualStudioVersion = 10.0.40219.1
Project("{FAE04EC0-301F-11D3-BF4B-00C04F79EFBC}") = "ParkingManagement", "ParkingManagement\ParkingManagement.csproj", "{9211C4C2-B39A-4D72-B4EF-B9A8AA0C227F}"
EndProject
Global
	GlobalSection(SolutionConfigurationPlatforms) = preSolution
		Debug|Any CPU = Debug|Any CPU
		Release|Any CPU = Release|Any CPU
	EndGlobalSection
	GlobalSection(ProjectConfigurationPlatforms) = postSolution
		{9211C4C2-B39A-4D72-B4EF-B9A8AA0C227F}.Debug|Any CPU.ActiveCfg = Debug|Any CPU
		{9211C4C2-B39A-4D72-B4EF-B9A8AA0C227F}.Debug|Any CPU.Build.0 = Debug|Any CPU
		{9211C4C2-B39A-4D72-B4EF-B9A8AA0C227F}.Release|Any CPU.ActiveCfg = Release|Any CPU
		{9211C4C2-B39A-4D72-B4EF-B9A8AA0C227F}.Release|Any CPU.Build.0 = Release|Any CPU
	EndGlobalSection
	GlobalSection(SolutionProperties) = preSolution
		HideSolutionNode = FALSE
	EndGlobalSection
	GlobalSection(ExtensibilityGlobals) = postSolution
		SolutionGuid = {E99A87B9-8F09-46B7-9F5B-94A6A413322E}
	EndGlobalSection
EndGlobal
